
Microsoft Visual Studio Solution File, Format Version 12.00
# Visual Studio Version 17
VisualStudioVersion = 17.11.35327.3
MinimumVisualStudioVersion = 10.0.40219.1
Project("{FAE04EC0-301F-11D3-BF4B-00C04F79EFBC}") = "RealProject", "RealProject\RealProject.csproj", "{02EDFE03-F0BC-4082-A1FD-BC6A2EB1A064}"
EndProject
Global
	GlobalSection(SolutionConfigurationPlatforms) = preSolution
		Debug|Any CPU = Debug|Any CPU
		Release|Any CPU = Release|Any CPU
	EndGlobalSection
	GlobalSection(ProjectConfigurationPlatforms) = postSolution
		{02EDFE03-F0BC-4082-A1FD-BC6A2EB1A064}.Debug|Any CPU.ActiveCfg = Debug|Any CPU
		{02EDFE03-F0BC-4082-A1FD-BC6A2EB1A064}.Debug|Any CPU.Build.0 = Debug|Any CPU
		{02EDFE03-F0BC-4082-A1FD-BC6A2EB1A064}.Release|Any CPU.ActiveCfg = Release|Any CPU
		{02EDFE03-F0BC-4082-A1FD-BC6A2EB1A064}.Release|Any CPU.Build.0 = Release|Any CPU
	EndGlobalSection
	GlobalSection(SolutionProperties) = preSolution
		HideSolutionNode = FALSE
	EndGlobalSection
	GlobalSection(ExtensibilityGlobals) = postSolution
		SolutionGuid = {41E52962-0D74-42F6-B2CE-19C0738438A7}
	EndGlobalSection
EndGlobal
